
Microsoft Visual Studio Solution File, Format Version 12.00
# Visual Studio 15
VisualStudioVersion = 15.0.28010.0
MinimumVisualStudioVersion = 10.0.40219.1
Project("{FAE04EC0-301F-11D3-BF4B-00C04F79EFBC}") = "PowerUI", "PowerUI.csproj", "{F19CA43E-0238-424E-B58A-FC699ABC2544}"
EndProject
Global
	GlobalSection(SolutionConfigurationPlatforms) = preSolution
		Debug|Any CPU = Debug|Any CPU
		Release|Any CPU = Release|Any CPU
	EndGlobalSection
	GlobalSection(ProjectConfigurationPlatforms) = postSolution
		{F19CA43E-0238-424E-B58A-FC699ABC2544}.Debug|Any CPU.ActiveCfg = Debug|Any CPU
		{F19CA43E-0238-424E-B58A-FC699ABC2544}.Debug|Any CPU.Build.0 = Debug|Any CPU
		{F19CA43E-0238-424E-B58A-FC699ABC2544}.Release|Any CPU.ActiveCfg = Release|Any CPU
		{F19CA43E-0238-424E-B58A-FC699ABC2544}.Release|Any CPU.Build.0 = Release|Any CPU
	EndGlobalSection
	GlobalSection(SolutionProperties) = preSolution
		HideSolutionNode = FALSE
	EndGlobalSection
	GlobalSection(ExtensibilityGlobals) = postSolution
		SolutionGuid = {6C88B0DC-3ED5-4A15-A491-097B3EA9A9C6}
	EndGlobalSection
EndGlobal
